
Microsoft Visual Studio Solution File, Format Version 12.00
# Visual Studio Version 17
VisualStudioVersion = 17.8.34525.116
MinimumVisualStudioVersion = 10.0.40219.1
Project("{FAE04EC0-301F-11D3-BF4B-00C04F79EFBC}") = "DynamicDockerCompose", "DynamicDockerCompose\DynamicDockerCompose.csproj", "{DE98DC0C-3A69-487F-AA49-67174B5EC7DC}"
EndProject
Global
	GlobalSection(SolutionConfigurationPlatforms) = preSolution
		Debug|Any CPU = Debug|Any CPU
		Release|Any CPU = Release|Any CPU
	EndGlobalSection
	GlobalSection(ProjectConfigurationPlatforms) = postSolution
		{DE98DC0C-3A69-487F-AA49-67174B5EC7DC}.Debug|Any CPU.ActiveCfg = Debug|Any CPU
		{DE98DC0C-3A69-487F-AA49-67174B5EC7DC}.Debug|Any CPU.Build.0 = Debug|Any CPU
		{DE98DC0C-3A69-487F-AA49-67174B5EC7DC}.Release|Any CPU.ActiveCfg = Release|Any CPU
		{DE98DC0C-3A69-487F-AA49-67174B5EC7DC}.Release|Any CPU.Build.0 = Release|Any CPU
	EndGlobalSection
	GlobalSection(SolutionProperties) = preSolution
		HideSolutionNode = FALSE
	EndGlobalSection
	GlobalSection(ExtensibilityGlobals) = postSolution
		SolutionGuid = {04F03ADB-0185-41DD-B8E5-DD879ED60D27}
	EndGlobalSection
EndGlobal
